Microsoft Visual Studio Solution File, Format Version 11.00
# Visual Studio 2019

Project("{8BC9CEB8-8B4A-11D0-8D11-00A0C91BC942}") = "SimpleEQ - Standalone Plugin", "SimpleEQ_StandalonePlugin.vcxproj", "{E06FED35-5F22-74DA-A990-6590A6C4D5D5}"
	ProjectSection(ProjectDependencies) = postProject
		{1F7EBE25-FDED-924F-75F9-8A8FC6057B4E} = {1F7EBE25-FDED-924F-75F9-8A8FC6057B4E}
	EndProjectSection
EndProject
Project("{8BC9CEB8-8B4A-11D0-8D11-00A0C91BC942}") = "SimpleEQ - VST3", "SimpleEQ_VST3.vcxproj", "{3BADDEF6-D1FF-22B4-B295-3945EA65D882}"
	ProjectSection(ProjectDependencies) = postProject
		{1F7EBE25-FDED-924F-75F9-8A8FC6057B4E} = {1F7EBE25-FDED-924F-75F9-8A8FC6057B4E}
	EndProjectSection
EndProject
Project("{8BC9CEB8-8B4A-11D0-8D11-00A0C91BC942}") = "SimpleEQ - Shared Code", "SimpleEQ_SharedCode.vcxproj", "{1F7EBE25-FDED-924F-75F9-8A8FC6057B4E}"
EndProject
Global
	GlobalSection(SolutionConfigurationPlatforms) = preSolution
		Debug|x64 = Debug|x64
		Release|x64 = Release|x64
	EndGlobalSection
	GlobalSection(ProjectConfigurationPlatforms) = postSolution
		{3BADDEF6-D1FF-22B4-B295-3945EA65D882}.Debug|x64.ActiveCfg = Debug|x64
		{3BADDEF6-D1FF-22B4-B295-3945EA65D882}.Debug|x64.Build.0 = Debug|x64
		{3BADDEF6-D1FF-22B4-B295-3945EA65D882}.Release|x64.ActiveCfg = Release|x64
		{3BADDEF6-D1FF-22B4-B295-3945EA65D882}.Release|x64.Build.0 = Release|x64
		{E06FED35-5F22-74DA-A990-6590A6C4D5D5}.Debug|x64.ActiveCfg = Debug|x64
		{E06FED35-5F22-74DA-A990-6590A6C4D5D5}.Debug|x64.Build.0 = Debug|x64
		{E06FED35-5F22-74DA-A990-6590A6C4D5D5}.Release|x64.ActiveCfg = Release|x64
		{E06FED35-5F22-74DA-A990-6590A6C4D5D5}.Release|x64.Build.0 = Release|x64
		{1F7EBE25-FDED-924F-75F9-8A8FC6057B4E}.Debug|x64.ActiveCfg = Debug|x64
		{1F7EBE25-FDED-924F-75F9-8A8FC6057B4E}.Debug|x64.Build.0 = Debug|x64
		{1F7EBE25-FDED-924F-75F9-8A8FC6057B4E}.Release|x64.ActiveCfg = Release|x64
		{1F7EBE25-FDED-924F-75F9-8A8FC6057B4E}.Release|x64.Build.0 = Release|x64
	EndGlobalSection
	GlobalSection(SolutionProperties) = preSolution
		HideSolutionNode = FALSE
	EndGlobalSection
EndGlobal
